// !$*UTF8*$!
{
	archiveVersion = 1;
	classes = {
	};
	objectVersion = 50;
	objects = {

/* Begin PBXBuildFile section */
		7A9141D12586BC8F002F77DF /* main.cpp in Sources */ = {isa = PBXBuildFile; fileRef = 7A9141D02586BC8F002F77DF /* main.cpp */; };
		7A9141DA2586BD40002F77DF /* student.cpp in Sources */ = {isa = PBXBuildFile; fileRef = 7A9141D82586BD40002F77DF /* student.cpp */; };
		7AF0F82525880ECA00C46C5D /* roster.cpp in Sources */ = {isa = PBXBuildFile; fileRef = 7AF0F82325880ECA00C46C5D /* roster.cpp */; };
/* End PBXBuildFile section */

/* Begin PBXCopyFilesBuildPhase section */
		7A9141CB2586BC8E002F77DF /* CopyFiles */ = {
			isa = PBXCopyFilesBuildPhase;
			buildActionMask = 2147483647;
			dstPath = /usr/share/man/man1/;
			dstSubfolderSpec = 0;
			files = (
			);
			runOnlyForDeploymentPostprocessing = 1;
		};
/* End PBXCopyFilesBuildPhase section */

/* Begin PBXFileReference section */
		7A9141CD2586BC8E002F77DF /* C867 */ = {isa = PBXFileReference; explicitFileType = "compiled.mach-o.executable"; includeInIndex = 0; path = C867; sourceTree = BUILT_PRODUCTS_DIR; };
		7A9141D02586BC8F002F77DF /* main.cpp */ = {isa = PBXFileReference; lastKnownFileType = sourcecode.cpp.cpp; path = main.cpp; sourceTree = "<group>"; };
		7A9141D82586BD40002F77DF /* student.cpp */ = {isa = PBXFileReference; lastKnownFileType = sourcecode.cpp.cpp; path = student.cpp; sourceTree = "<group>"; };
		7A9141D92586BD40002F77DF /* student.hpp */ = {isa = PBXFileReference; lastKnownFileType = sourcecode.cpp.h; path = student.hpp; sourceTree = "<group>"; };
		7A9141DC2586C09C002F77DF /* degree.h */ = {isa = PBXFileReference; lastKnownFileType = sourcecode.c.h; path = degree.h; sourceTree = "<group>"; };
		7AF0F82325880ECA00C46C5D /* roster.cpp */ = {isa = PBXFileReference; lastKnownFileType = sourcecode.cpp.cpp; path = roster.cpp; sourceTree = "<group>"; };
		7AF0F82425880ECA00C46C5D /* roster.hpp */ = {isa = PBXFileReference; lastKnownFileType = sourcecode.cpp.h; path = roster.hpp; sourceTree = "<group>"; };
/* End PBXFileReference section */

/* Begin PBXFrameworksBuildPhase section */
		7A9141CA2586BC8E002F77DF /* Frameworks */ = {
			isa = PBXFrameworksBuildPhase;
			buildActionMask = 2147483647;
			files = (
			);
			runOnlyForDeploymentPostprocessing = 0;
		};
/* End PBXFrameworksBuildPhase section */

/* Begin PBXGroup section */
		7A9141C42586BC8E002F77DF = {
			isa = PBXGroup;
			children = (
				7A9141CF2586BC8E002F77DF /* C867 */,
				7A9141CE2586BC8E002F77DF /* Products */,
			);
			sourceTree = "<group>";
		};
		7A9141CE2586BC8E002F77DF /* Products */ = {
			isa = PBXGroup;
			children = (
				7A9141CD2586BC8E002F77DF /* C867 */,
			);
			name = Products;
			sourceTree = "<group>";
		};
		7A9141CF2586BC8E002F77DF /* C867 */ = {
			isa = PBXGroup;
			children = (
				7A9141D02586BC8F002F77DF /* main.cpp */,
				7A9141D82586BD40002F77DF /* student.cpp */,
				7AF0F82325880ECA00C46C5D /* roster.cpp */,
				7AF0F82425880ECA00C46C5D /* roster.hpp */,
				7A9141D92586BD40002F77DF /* student.hpp */,
				7A9141DC2586C09C002F77DF /* degree.h */,
			);
			path = C867;
			sourceTree = "<group>";
		};
/* End PBXGroup section */

/* Begin PBXNativeTarget section */
		7A9141CC2586BC8E002F77DF /* C867 */ = {
			isa = PBXNativeTarget;
			buildConfigurationList = 7A9141D42586BC8F002F77DF /* Build configuration list for PBXNativeTarget "C867" */;
			buildPhases = (
				7A9141C92586BC8E002F77DF /* Sources */,
				7A9141CA2586BC8E002F77DF /* Frameworks */,
				7A9141CB2586BC8E002F77DF /* CopyFiles */,
			);
			buildRules = (
			);
			dependencies = (
			);
			name = C867;
			productName = C867;
			productReference = 7A9141CD2586BC8E002F77DF /* C867 */;
			productType = "com.apple.product-type.tool";
		};
/* End PBXNativeTarget section */

/* Begin PBXProject section */
		7A9141C52586BC8E002F77DF /* Project object */ = {
			isa = PBXProject;
			attributes = {
				LastUpgradeCheck = 1210;
				TargetAttributes = {
					7A9141CC2586BC8E002F77DF = {
						CreatedOnToolsVersion = 12.1;
					};
				};
			};
			buildConfigurationList = 7A9141C82586BC8E002F77DF /* Build configuration list for PBXProject "C867" */;
			compatibilityVersion = "Xcode 9.3";
			developmentRegion = en;
			hasScannedForEncodings = 0;
			knownRegions = (
				en,
				Base,
			);
			mainGroup = 7A9141C42586BC8E002F77DF;
			productRefGroup = 7A9141CE2586BC8E002F77DF /* Products */;
			projectDirPath = "";
			projectRoot = "";
			targets = (
				7A9141CC2586BC8E002F77DF /* C867 */,
			);
		};
/* End PBXProject section */

/* Begin PBXSourcesBuildPhase section */
		7A9141C92586BC8E002F77DF /* Sources */ = {
			isa = PBXSourcesBuildPhase;
			buildActionMask = 2147483647;
			files = (
				7A9141D12586BC8F002F77DF /* main.cpp in Sources */,
				7AF0F82525880ECA00C46C5D /* roster.cpp in Sources */,
				7A9141DA2586BD40002F77DF /* student.cpp in Sources */,
			);
			runOnlyForDeploymentPostprocessing = 0;
		};
/* End PBXSourcesBuildPhase section */

/* Begin XCBuildConfiguration section */
		7A9141D22586BC8F002F77DF /* Debug */ = {
			isa = XCBuildConfiguration;
			buildSettings = {
				ALWAYS_SEARCH_USER_PATHS = NO;
				CLANG_ANALYZER_NONNULL = YES;
				CLANG_ANALYZER_NUMBER_OBJECT_CONVERSION = YES_AGGRESSIVE;
				CLANG_CXX_LANGUAGE_STANDARD = "gnu++14";
				CLANG_CXX_LIBRARY = "libc++";
				CLANG_ENABLE_MODULES = YES;
				CLANG_ENABLE_OBJC_ARC = YES;
				CLANG_ENABLE_OBJC_WEAK = YES;
				CLANG_WARN_BLOCK_CAPTURE_AUTORELEASING = YES;
				CLANG_WARN_BOOL_CONVERSION = YES;
				CLANG_WARN_COMMA = YES;
				CLANG_WARN_CONSTANT_CONVERSION = YES;
				CLANG_WARN_DEPRECATED_OBJC_IMPLEMENTATIONS = YES;
				CLANG_WARN_DIRECT_OBJC_ISA_USAGE = YES_ERROR;
				CLANG_WARN_DOCUMENTATION_COMMENTS = YES;
				CLANG_WARN_EMPTY_BODY = YES;
				CLANG_WARN_ENUM_CONVERSION = YES;
				CLANG_WARN_INFINITE_RECURSION = YES;
				CLANG_WARN_INT_CONVERSION = YES;
				CLANG_WARN_NON_LITERAL_NULL_CONVERSION = YES;
				CLANG_WARN_OBJC_IMPLICIT_RETAIN_SELF = YES;
				CLANG_WARN_OBJC_LITERAL_CONVERSION = YES;
				CLANG_WARN_OBJC_ROOT_CLASS = YES_ERROR;
				CLANG_WARN_QUOTED_INCLUDE_IN_FRAMEWORK_HEADER = YES;
				CLANG_WARN_RANGE_LOOP_ANALYSIS = YES;
				CLANG_WARN_STRICT_PROTOTYPES = YES;
				CLANG_WARN_SUSPICIOUS_MOVE = YES;
				CLANG_WARN_UNGUARDED_AVAILABILITY = YES_AGGRESSIVE;
				CLANG_WARN_UNREACHABLE_CODE = YES;
				CLANG_WARN__DUPLICATE_METHOD_MATCH = YES;
				COPY_PHASE_STRIP = NO;
				DEBUG_INFORMATION_FORMAT = dwarf;
				ENABLE_STRICT_OBJC_MSGSEND = YES;
				ENABLE_TESTABILITY = YES;
				GCC_C_LANGUAGE_STANDARD = gnu11;
				GCC_DYNAMIC_NO_PIC = NO;
				GCC_NO_COMMON_BLOCKS = YES;
				GCC_OPTIMIZATION_LEVEL = 0;
				GCC_PREPROCESSOR_DEFINITIONS = (
					"DEBUG=1",
					"$(inherited)",
				);
				GCC_WARN_64_TO_32_BIT_CONVERSION = YES;
				GCC_WARN_ABOUT_RETURN_TYPE = YES_ERROR;
				GCC_WARN_UNDECLARED_SELECTOR = YES;
				GCC_WARN_UNINITIALIZED_AUTOS = YES_AGGRESSIVE;
				GCC_WARN_UNUSED_FUNCTION = YES;
				GCC_WARN_UNUSED_VARIABLE = YES;
				MACOSX_DEPLOYMENT_TARGET = 10.15;
				MTL_ENABLE_DEBUG_INFO = INCLUDE_SOURCE;
				MTL_FAST_MATH = YES;
				ONLY_ACTIVE_ARCH = YES;
				SDKROOT = macosx;
			};
			name = Debug;
		};
		7A9141D32586BC8F002F77DF /* Release */ = {
			isa = XCBuildConfiguration;
			buildSettings = {
				ALWAYS_SEARCH_USER_PATHS = NO;
				CLANG_ANALYZER_NONNULL = YES;
				CLANG_ANALYZER_NUMBER_OBJECT_CONVERSION = YES_AGGRESSIVE;
				CLANG_CXX_LANGUAGE_STANDARD = "gnu++14";
				CLANG_CXX_LIBRARY = "libc++";
				CLANG_ENABLE_MODULES = YES;
				CLANG_ENABLE_OBJC_ARC = YES;
				CLANG_ENABLE_OBJC_WEAK = YES;
				CLANG_WARN_BLOCK_CAPTURE_AUTORELEASING = YES;
				CLANG_WARN_BOOL_CONVERSION = YES;
				CLANG_WARN_COMMA = YES;
				CLANG_WARN_CONSTANT_CONVERSION = YES;
				CLANG_WARN_DEPRECATED_OBJC_IMPLEMENTATIONS = YES;
				CLANG_WARN_DIRECT_OBJC_ISA_USAGE = YES_ERROR;
				CLANG_WARN_DOCUMENTATION_COMMENTS = YES;
				CLANG_WARN_EMPTY_BODY = YES;
				CLANG_WARN_ENUM_CONVERSION = YES;
				CLANG_WARN_INFINITE_RECURSION = YES;
				CLANG_WARN_INT_CONVERSION = YES;
				CLANG_WARN_NON_LITERAL_NULL_CONVERSION = YES;
				CLANG_WARN_OBJC_IMPLICIT_RETAIN_SELF = YES;
				CLANG_WARN_OBJC_LITERAL_CONVERSION = YES;
				CLANG_WARN_OBJC_ROOT_CLASS = YES_ERROR;
				CLANG_WARN_QUOTED_INCLUDE_IN_FRAMEWORK_HEADER = YES;
				CLANG_WARN_RANGE_LOOP_ANALYSIS = YES;
				CLANG_WARN_STRICT_PROTOTYPES = YES;
				CLANG_WARN_SUSPICIOUS_MOVE = YES;
				CLANG_WARN_UNGUARDED_AVAILABILITY = YES_AGGRESSIVE;
				CLANG_WARN_UNREACHABLE_CODE = YES;
				CLANG_WARN__DUPLICATE_METHOD_MATCH = YES;
				COPY_PHASE_STRIP = NO;
				DEBUG_INFORMATION_FORMAT = "dwarf-with-dsym";
				ENABLE_NS_ASSERTIONS = NO;
				ENABLE_STRICT_OBJC_MSGSEND = YES;
				GCC_C_LANGUAGE_STANDARD = gnu11;
				GCC_NO_COMMON_BLOCKS = YES;
				GCC_WARN_64_TO_32_BIT_CONVERSION = YES;
				GCC_WARN_ABOUT_RETURN_TYPE = YES_ERROR;
				GCC_WARN_UNDECLARED_SELECTOR = YES;
				GCC_WARN_UNINITIALIZED_AUTOS = YES_AGGRESSIVE;
				GCC_WARN_UNUSED_FUNCTION = YES;
				GCC_WARN_UNUSED_VARIABLE = YES;
				MACOSX_DEPLOYMENT_TARGET = 10.15;
				MTL_ENABLE_DEBUG_INFO = NO;
				MTL_FAST_MATH = YES;
				SDKROOT = macosx;
			};
			name = Release;
		};
		7A9141D52586BC8F002F77DF /* Debug */ = {
			isa = XCBuildConfiguration;
			buildSettings = {
				CODE_SIGN_STYLE = Automatic;
				PRODUCT_NAME = "$(TARGET_NAME)";
			};
			name = Debug;
		};
		7A9141D62586BC8F002F77DF /* Release */ = {
			isa = XCBuildConfiguration;
			buildSettings = {
				CODE_SIGN_STYLE = Automatic;
				PRODUCT_NAME = "$(TARGET_NAME)";
			};
			name = Release;
		};
/* End XCBuildConfiguration section */

/* Begin XCConfigurationList section */
		7A9141C82586BC8E002F77DF /* Build configuration list for PBXProject "C867" */ = {
			isa = XCConfigurationList;
			buildConfigurations = (
				7A9141D22586BC8F002F77DF /* Debug */,
				7A9141D32586BC8F002F77DF /* Release */,
			);
			defaultConfigurationIsVisible = 0;
			defaultConfigurationName = Release;
		};
		7A9141D42586BC8F002F77DF /* Build configuration list for PBXNativeTarget "C867" */ = {
			isa = XCConfigurationList;
			buildConfigurations = (
				7A9141D52586BC8F002F77DF /* Debug */,
				7A9141D62586BC8F002F77DF /* Release */,
			);
			defaultConfigurationIsVisible = 0;
			defaultConfigurationName = Release;
		};
/* End XCConfigurationList section */
	};
	rootObject = 7A9141C52586BC8E002F77DF /* Project object */;
}
